
Microsoft Visual Studio Solution File, Format Version 12.00
# Visual Studio Version 17
VisualStudioVersion = 17.4.33205.214
MinimumVisualStudioVersion = 10.0.40219.1
Project("{FAE04EC0-301F-11D3-BF4B-00C04F79EFBC}") = "Toodet_Dotskin", "Toodet_Dotskin.csproj", "{2A1CF09E-371C-43BA-8E29-DBA9F71AFECD}"
EndProject
Global
	GlobalSection(SolutionConfigurationPlatforms) = preSolution
		Debug|Any CPU = Debug|Any CPU
		Release|Any CPU = Release|Any CPU
	EndGlobalSection
	GlobalSection(ProjectConfigurationPlatforms) = postSolution
		{2A1CF09E-371C-43BA-8E29-DBA9F71AFECD}.Debug|Any CPU.ActiveCfg = Debug|Any CPU
		{2A1CF09E-371C-43BA-8E29-DBA9F71AFECD}.Debug|Any CPU.Build.0 = Debug|Any CPU
		{2A1CF09E-371C-43BA-8E29-DBA9F71AFECD}.Release|Any CPU.ActiveCfg = Release|Any CPU
		{2A1CF09E-371C-43BA-8E29-DBA9F71AFECD}.Release|Any CPU.Build.0 = Release|Any CPU
	EndGlobalSection
	GlobalSection(SolutionProperties) = preSolution
		HideSolutionNode = FALSE
	EndGlobalSection
	GlobalSection(ExtensibilityGlobals) = postSolution
		SolutionGuid = {FB152B9A-7BF9-475D-A68E-E81D5BE00EF6}
	EndGlobalSection
EndGlobal
